# This file is automatically @generated by Cargo.
# It is not intended for manual editing.
version = 4

[[package]]
name = "infiniterm-browser"
version = "0.1.0"

[[package]]
name = "infiniterm-core"
version = "0.1.0"

[[package]]
name = "infiniterm-term"
version = "0.1.0"

[[package]]
name = "infiniterm-ui"
version = "0.1.0"
